
Microsoft Visual Studio Solution File, Format Version 12.00
# Visual Studio Version 16
VisualStudioVersion = 16.0.29613.14
MinimumVisualStudioVersion = 10.0.40219.1
Project("{FAE04EC0-301F-11D3-BF4B-00C04F79EFBC}") = "VidlyAuth", "VidlyAuth.csproj", "{06C00EAE-F5E8-49D9-84F1-24F5F9D9F290}"
EndProject
Global
	GlobalSection(SolutionConfigurationPlatforms) = preSolution
		Debug|Any CPU = Debug|Any CPU
		Release|Any CPU = Release|Any CPU
	EndGlobalSection
	GlobalSection(ProjectConfigurationPlatforms) = postSolution
		{06C00EAE-F5E8-49D9-84F1-24F5F9D9F290}.Debug|Any CPU.ActiveCfg = Debug|Any CPU
		{06C00EAE-F5E8-49D9-84F1-24F5F9D9F290}.Debug|Any CPU.Build.0 = Debug|Any CPU
		{06C00EAE-F5E8-49D9-84F1-24F5F9D9F290}.Release|Any CPU.ActiveCfg = Release|Any CPU
		{06C00EAE-F5E8-49D9-84F1-24F5F9D9F290}.Release|Any CPU.Build.0 = Release|Any CPU
	EndGlobalSection
	GlobalSection(SolutionProperties) = preSolution
		HideSolutionNode = FALSE
	EndGlobalSection
	GlobalSection(ExtensibilityGlobals) = postSolution
		SolutionGuid = {DA22F80B-B792-4278-823F-13F50438A080}
	EndGlobalSection
EndGlobal
